
Microsoft Visual Studio Solution File, Format Version 12.00
# Visual Studio 14
VisualStudioVersion = 14.0.25420.1
MinimumVisualStudioVersion = 10.0.40219.1
Project("{FAE04EC0-301F-11D3-BF4B-00C04F79EFBC}") = "Negocio", "Negocio\Negocio.csproj", "{A9C31AFB-5DC9-4EBD-96A8-33F0AC480A31}"
EndProject
Project("{FAE04EC0-301F-11D3-BF4B-00C04F79EFBC}") = "ConsoleApplication1", "ConsoleApplication1\ConsoleApplication1.csproj", "{BEAC0AAB-DF7B-4D53-97C3-F19E95B7C67B}"
EndProject
Global
	GlobalSection(SolutionConfigurationPlatforms) = preSolution
		Debug|Any CPU = Debug|Any CPU
		Release|Any CPU = Release|Any CPU
	EndGlobalSection
	GlobalSection(ProjectConfigurationPlatforms) = postSolution
		{A9C31AFB-5DC9-4EBD-96A8-33F0AC480A31}.Debug|Any CPU.ActiveCfg = Debug|Any CPU
		{A9C31AFB-5DC9-4EBD-96A8-33F0AC480A31}.Debug|Any CPU.Build.0 = Debug|Any CPU
		{A9C31AFB-5DC9-4EBD-96A8-33F0AC480A31}.Release|Any CPU.ActiveCfg = Release|Any CPU
		{A9C31AFB-5DC9-4EBD-96A8-33F0AC480A31}.Release|Any CPU.Build.0 = Release|Any CPU
		{BEAC0AAB-DF7B-4D53-97C3-F19E95B7C67B}.Debug|Any CPU.ActiveCfg = Debug|Any CPU
		{BEAC0AAB-DF7B-4D53-97C3-F19E95B7C67B}.Debug|Any CPU.Build.0 = Debug|Any CPU
		{BEAC0AAB-DF7B-4D53-97C3-F19E95B7C67B}.Release|Any CPU.ActiveCfg = Release|Any CPU
		{BEAC0AAB-DF7B-4D53-97C3-F19E95B7C67B}.Release|Any CPU.Build.0 = Release|Any CPU
	EndGlobalSection
	GlobalSection(SolutionProperties) = preSolution
		HideSolutionNode = FALSE
	EndGlobalSection
EndGlobal
